
Microsoft Visual Studio Solution File, Format Version 12.00
# Visual Studio Version 17
VisualStudioVersion = 17.7.34018.315
MinimumVisualStudioVersion = 10.0.40219.1
Project("{FAE04EC0-301F-11D3-BF4B-00C04F79EFBC}") = "uppgift 5.4", "uppgift 5.4\uppgift 5.4.csproj", "{D8FF2844-07E7-4C2D-B7C4-B0371C75F86C}"
EndProject
Global
	GlobalSection(SolutionConfigurationPlatforms) = preSolution
		Debug|Any CPU = Debug|Any CPU
		Release|Any CPU = Release|Any CPU
	EndGlobalSection
	GlobalSection(ProjectConfigurationPlatforms) = postSolution
		{D8FF2844-07E7-4C2D-B7C4-B0371C75F86C}.Debug|Any CPU.ActiveCfg = Debug|Any CPU
		{D8FF2844-07E7-4C2D-B7C4-B0371C75F86C}.Debug|Any CPU.Build.0 = Debug|Any CPU
		{D8FF2844-07E7-4C2D-B7C4-B0371C75F86C}.Release|Any CPU.ActiveCfg = Release|Any CPU
		{D8FF2844-07E7-4C2D-B7C4-B0371C75F86C}.Release|Any CPU.Build.0 = Release|Any CPU
	EndGlobalSection
	GlobalSection(SolutionProperties) = preSolution
		HideSolutionNode = FALSE
	EndGlobalSection
	GlobalSection(ExtensibilityGlobals) = postSolution
		SolutionGuid = {8688E360-FEEE-4474-9181-0AF80F8783B0}
	EndGlobalSection
EndGlobal
